PODS:
  - Singular-SDK (12.3.1):
    - Singular-SDK/Main (= 12.3.1)
  - Singular-SDK/Main (12.3.1)

DEPENDENCIES:
  - Singular-SDK

SPEC REPOS:
  trunk:
    - Singular-SDK

SPEC CHECKSUMS:
  Singular-SDK: 22e1f5f3669aba289f546b9ef74140988225a4aa

PODFILE CHECKSUM: c06732280ad816558d252f28ac332d5a14887edb

COCOAPODS: 1.15.2
