PODS:
  - Singular-SDK (12.12.0):
    - Singular-SDK/Main (= 12.12.0)
  - Singular-SDK/Main (12.12.0)

DEPENDENCIES:
  - Singular-SDK (~> 12.12)

SPEC REPOS:
  trunk:
    - Singular-SDK

SPEC CHECKSUMS:
  Singular-SDK: 1dffd20a4a46653c74b9f79b9cb38acf77f479e9

PODFILE CHECKSUM: 8a0f4cda70b9ae87192f646de4a7a3621fa7fc0d

COCOAPODS: 1.16.2
