// !$*UTF8*$!
{
	archiveVersion = 1;
	classes = {
	};
	objectVersion = 56;
	objects = {

/* Begin PBXBuildFile section */
		7F002F1A293025FB0073C2A4 /* AppDelegate.swift in Sources */ = {isa = PBXBuildFile; fileRef = 7F002F19293025FB0073C2A4 /* AppDelegate.swift */; };
		7F002F1C293025FB0073C2A4 /* SceneDelegate.swift in Sources */ = {isa = PBXBuildFile; fileRef = 7F002F1B293025FB0073C2A4 /* SceneDelegate.swift */; };
		7F002F21293025FB0073C2A4 /* Main.storyboard in Resources */ = {isa = PBXBuildFile; fileRef = 7F002F1F293025FB0073C2A4 /* Main.storyboard */; };
		7F002F23293025FD0073C2A4 /* Assets.xcassets in Resources */ = {isa = PBXBuildFile; fileRef = 7F002F22293025FD0073C2A4 /* Assets.xcassets */; };
		7F002F26293025FD0073C2A4 /* LaunchScreen.storyboard in Resources */ = {isa = PBXBuildFile; fileRef = 7F002F24293025FD0073C2A4 /* LaunchScreen.storyboard */; };
		7F40D2B12941195400A69932 /* TabController.swift in Sources */ = {isa = PBXBuildFile; fileRef = 7F40D2B02941195400A69932 /* TabController.swift */; };
		7F848C6F293FE84D001CB9A5 /* PrivacyController.swift in Sources */ = {isa = PBXBuildFile; fileRef = 7F848C6E293FE84D001CB9A5 /* PrivacyController.swift */; };
		7F848C71293FE8C7001CB9A5 /* DeeplinkController.swift in Sources */ = {isa = PBXBuildFile; fileRef = 7F848C70293FE8C7001CB9A5 /* DeeplinkController.swift */; };
		7F848C73293FE8D6001CB9A5 /* EventsController.swift in Sources */ = {isa = PBXBuildFile; fileRef = 7F848C72293FE8D6001CB9A5 /* EventsController.swift */; };
		7F848C75293FE8E8001CB9A5 /* RevenueController.swift in Sources */ = {isa = PBXBuildFile; fileRef = 7F848C74293FE8E8001CB9A5 /* RevenueController.swift */; };
		7F848C77293FE8F7001CB9A5 /* SignInController.swift in Sources */ = {isa = PBXBuildFile; fileRef = 7F848C76293FE8F7001CB9A5 /* SignInController.swift */; };
		7F848C79293FE903001CB9A5 /* ReferrerController.swift in Sources */ = {isa = PBXBuildFile; fileRef = 7F848C78293FE903001CB9A5 /* ReferrerController.swift */; };
		7FB9A60229350FCC00A46B29 /* AdServices.framework in Frameworks */ = {isa = PBXBuildFile; fileRef = 7FB9A60129350FCC00A46B29 /* AdServices.framework */; settings = {ATTRIBUTES = (Weak, ); }; };
		7FB9A6052935481900A46B29 /* Constants.swift in Sources */ = {isa = PBXBuildFile; fileRef = 7FB9A6042935481900A46B29 /* Constants.swift */; };
		7FB9A6072935483A00A46B29 /* Utils.swift in Sources */ = {isa = PBXBuildFile; fileRef = 7FB9A6062935483A00A46B29 /* Utils.swift */; };
		81E8CAAEF079D9C848F1E2A3 /* Pods_SwiftCocoaPods.framework in Frameworks */ = {isa = PBXBuildFile; fileRef = 4432AD1A82C15B1BBE996E83 /* Pods_SwiftCocoaPods.framework */; };
/* End PBXBuildFile section */

/* Begin PBXFileReference section */
		02AA56D11B8FD24EFA1736CC /* Pods-SwiftCocoaPods.release.xcconfig */ = {isa = PBXFileReference; includeInIndex = 1; lastKnownFileType = text.xcconfig; name = "Pods-SwiftCocoaPods.release.xcconfig"; path = "Target Support Files/Pods-SwiftCocoaPods/Pods-SwiftCocoaPods.release.xcconfig"; sourceTree = "<group>"; };
		326F131F16874DD51A9732DA /* Pods-SwiftCocoaPods.debug.xcconfig */ = {isa = PBXFileReference; includeInIndex = 1; lastKnownFileType = text.xcconfig; name = "Pods-SwiftCocoaPods.debug.xcconfig"; path = "Target Support Files/Pods-SwiftCocoaPods/Pods-SwiftCocoaPods.debug.xcconfig"; sourceTree = "<group>"; };
		4432AD1A82C15B1BBE996E83 /* Pods_SwiftCocoaPods.framework */ = {isa = PBXFileReference; explicitFileType = wrapper.framework; includeInIndex = 0; path = Pods_SwiftCocoaPods.framework; sourceTree = BUILT_PRODUCTS_DIR; };
		7F002F16293025FB0073C2A4 /* SwiftCocoaPods.app */ = {isa = PBXFileReference; explicitFileType = wrapper.application; includeInIndex = 0; path = SwiftCocoaPods.app; sourceTree = BUILT_PRODUCTS_DIR; };
		7F002F19293025FB0073C2A4 /* AppDelegate.swift */ = {isa = PBXFileReference; lastKnownFileType = sourcecode.swift; path = AppDelegate.swift; sourceTree = "<group>"; };
		7F002F1B293025FB0073C2A4 /* SceneDelegate.swift */ = {isa = PBXFileReference; lastKnownFileType = sourcecode.swift; path = SceneDelegate.swift; sourceTree = "<group>"; };
		7F002F20293025FB0073C2A4 /* Base */ = {isa = PBXFileReference; lastKnownFileType = file.storyboard; name = Base; path = Base.lproj/Main.storyboard; sourceTree = "<group>"; };
		7F002F22293025FD0073C2A4 /* Assets.xcassets */ = {isa = PBXFileReference; lastKnownFileType = folder.assetcatalog; path = Assets.xcassets; sourceTree = "<group>"; };
		7F002F25293025FD0073C2A4 /* Base */ = {isa = PBXFileReference; lastKnownFileType = file.storyboard; name = Base; path = Base.lproj/LaunchScreen.storyboard; sourceTree = "<group>"; };
		7F002F27293025FD0073C2A4 /* Info.plist */ = {isa = PBXFileReference; lastKnownFileType = text.plist.xml; path = Info.plist; sourceTree = "<group>"; };
		7F40D2B02941195400A69932 /* TabController.swift */ = {isa = PBXFileReference; lastKnownFileType = sourcecode.swift; path = TabController.swift; sourceTree = "<group>"; };
		7F78ABF02936764A00CE7988 /* SwiftCocoaPods.entitlements */ = {isa = PBXFileReference; lastKnownFileType = text.plist.entitlements; path = SwiftCocoaPods.entitlements; sourceTree = "<group>"; };
		7F848C6E293FE84D001CB9A5 /* PrivacyController.swift */ = {isa = PBXFileReference; lastKnownFileType = sourcecode.swift; path = PrivacyController.swift; sourceTree = "<group>"; };
		7F848C70293FE8C7001CB9A5 /* DeeplinkController.swift */ = {isa = PBXFileReference; lastKnownFileType = sourcecode.swift; path = DeeplinkController.swift; sourceTree = "<group>"; };
		7F848C72293FE8D6001CB9A5 /* EventsController.swift */ = {isa = PBXFileReference; lastKnownFileType = sourcecode.swift; path = EventsController.swift; sourceTree = "<group>"; };
		7F848C74293FE8E8001CB9A5 /* RevenueController.swift */ = {isa = PBXFileReference; lastKnownFileType = sourcecode.swift; path = RevenueController.swift; sourceTree = "<group>"; };
		7F848C76293FE8F7001CB9A5 /* SignInController.swift */ = {isa = PBXFileReference; lastKnownFileType = sourcecode.swift; path = SignInController.swift; sourceTree = "<group>"; };
		7F848C78293FE903001CB9A5 /* ReferrerController.swift */ = {isa = PBXFileReference; lastKnownFileType = sourcecode.swift; path = ReferrerController.swift; sourceTree = "<group>"; };
		7FB9A60129350FCC00A46B29 /* AdServices.framework */ = {isa = PBXFileReference; lastKnownFileType = wrapper.framework; name = AdServices.framework; path = System/Library/Frameworks/AdServices.framework; sourceTree = SDKROOT; };
		7FB9A60329350FFB00A46B29 /* SwiftCocoaPods-Bridging-Header.h */ = {isa = PBXFileReference; lastKnownFileType = sourcecode.c.h; path = "SwiftCocoaPods-Bridging-Header.h"; sourceTree = "<group>"; };
		7FB9A6042935481900A46B29 /* Constants.swift */ = {isa = PBXFileReference; lastKnownFileType = sourcecode.swift; path = Constants.swift; sourceTree = "<group>"; };
		7FB9A6062935483A00A46B29 /* Utils.swift */ = {isa = PBXFileReference; lastKnownFileType = sourcecode.swift; path = Utils.swift; sourceTree = "<group>"; };
/* End PBXFileReference section */

/* Begin PBXFrameworksBuildPhase section */
		7F002F13293025FB0073C2A4 /* Frameworks */ = {
			isa = PBXFrameworksBuildPhase;
			buildActionMask = 2147483647;
			files = (
				7FB9A60229350FCC00A46B29 /* AdServices.framework in Frameworks */,
				81E8CAAEF079D9C848F1E2A3 /* Pods_SwiftCocoaPods.framework in Frameworks */,
			);
			runOnlyForDeploymentPostprocessing = 0;
		};
/* End PBXFrameworksBuildPhase section */

/* Begin PBXGroup section */
		7F002F0D293025FB0073C2A4 = {
			isa = PBXGroup;
			children = (
				7F002F18293025FB0073C2A4 /* SwiftCocoaPods */,
				7F002F17293025FB0073C2A4 /* Products */,
				EEE482C95D6CEFB301C81D03 /* Pods */,
				B885CF0DE6E834AC02A30703 /* Frameworks */,
			);
			sourceTree = "<group>";
		};
		7F002F17293025FB0073C2A4 /* Products */ = {
			isa = PBXGroup;
			children = (
				7F002F16293025FB0073C2A4 /* SwiftCocoaPods.app */,
			);
			name = Products;
			sourceTree = "<group>";
		};
		7F002F18293025FB0073C2A4 /* SwiftCocoaPods */ = {
			isa = PBXGroup;
			children = (
				7FB16DFA293FE380001884D9 /* Controllers */,
				7F78ABF02936764A00CE7988 /* SwiftCocoaPods.entitlements */,
				7F002F19293025FB0073C2A4 /* AppDelegate.swift */,
				7F002F1B293025FB0073C2A4 /* SceneDelegate.swift */,
				7F002F1F293025FB0073C2A4 /* Main.storyboard */,
				7F002F22293025FD0073C2A4 /* Assets.xcassets */,
				7F002F24293025FD0073C2A4 /* LaunchScreen.storyboard */,
				7F002F27293025FD0073C2A4 /* Info.plist */,
				7FB9A60329350FFB00A46B29 /* SwiftCocoaPods-Bridging-Header.h */,
				7FB9A6042935481900A46B29 /* Constants.swift */,
				7FB9A6062935483A00A46B29 /* Utils.swift */,
			);
			path = SwiftCocoaPods;
			sourceTree = "<group>";
		};
		7FB16DFA293FE380001884D9 /* Controllers */ = {
			isa = PBXGroup;
			children = (
				7F848C6E293FE84D001CB9A5 /* PrivacyController.swift */,
				7F848C70293FE8C7001CB9A5 /* DeeplinkController.swift */,
				7F848C72293FE8D6001CB9A5 /* EventsController.swift */,
				7F848C74293FE8E8001CB9A5 /* RevenueController.swift */,
				7F848C76293FE8F7001CB9A5 /* SignInController.swift */,
				7F848C78293FE903001CB9A5 /* ReferrerController.swift */,
				7F40D2B02941195400A69932 /* TabController.swift */,
			);
			path = Controllers;
			sourceTree = "<group>";
		};
		B885CF0DE6E834AC02A30703 /* Frameworks */ = {
			isa = PBXGroup;
			children = (
				7FB9A60129350FCC00A46B29 /* AdServices.framework */,
				4432AD1A82C15B1BBE996E83 /* Pods_SwiftCocoaPods.framework */,
			);
			name = Frameworks;
			sourceTree = "<group>";
		};
		EEE482C95D6CEFB301C81D03 /* Pods */ = {
			isa = PBXGroup;
			children = (
				326F131F16874DD51A9732DA /* Pods-SwiftCocoaPods.debug.xcconfig */,
				02AA56D11B8FD24EFA1736CC /* Pods-SwiftCocoaPods.release.xcconfig */,
			);
			path = Pods;
			sourceTree = "<group>";
		};
/* End PBXGroup section */

/* Begin PBXNativeTarget section */
		7F002F15293025FB0073C2A4 /* SwiftCocoaPods */ = {
			isa = PBXNativeTarget;
			buildConfigurationList = 7F002F2A293025FD0073C2A4 /* Build configuration list for PBXNativeTarget "SwiftCocoaPods" */;
			buildPhases = (
				3DAA3DFFDD5307E97B9AE294 /* [CP] Check Pods Manifest.lock */,
				7F002F12293025FB0073C2A4 /* Sources */,
				7F002F13293025FB0073C2A4 /* Frameworks */,
				7F002F14293025FB0073C2A4 /* Resources */,
			);
			buildRules = (
			);
			dependencies = (
			);
			name = SwiftCocoaPods;
			productName = SwiftCocoaPods;
			productReference = 7F002F16293025FB0073C2A4 /* SwiftCocoaPods.app */;
			productType = "com.apple.product-type.application";
		};
/* End PBXNativeTarget section */

/* Begin PBXProject section */
		7F002F0E293025FB0073C2A4 /* Project object */ = {
			isa = PBXProject;
			attributes = {
				BuildIndependentTargetsInParallel = 1;
				LastSwiftUpdateCheck = 1410;
				LastUpgradeCheck = 1410;
				TargetAttributes = {
					7F002F15293025FB0073C2A4 = {
						CreatedOnToolsVersion = 14.1;
					};
				};
			};
			buildConfigurationList = 7F002F11293025FB0073C2A4 /* Build configuration list for PBXProject "SwiftCocoaPods" */;
			compatibilityVersion = "Xcode 14.0";
			developmentRegion = en;
			hasScannedForEncodings = 0;
			knownRegions = (
				en,
				Base,
			);
			mainGroup = 7F002F0D293025FB0073C2A4;
			productRefGroup = 7F002F17293025FB0073C2A4 /* Products */;
			projectDirPath = "";
			projectRoot = "";
			targets = (
				7F002F15293025FB0073C2A4 /* SwiftCocoaPods */,
			);
		};
/* End PBXProject section */

/* Begin PBXResourcesBuildPhase section */
		7F002F14293025FB0073C2A4 /* Resources */ = {
			isa = PBXResourcesBuildPhase;
			buildActionMask = 2147483647;
			files = (
				7F002F26293025FD0073C2A4 /* LaunchScreen.storyboard in Resources */,
				7F002F23293025FD0073C2A4 /* Assets.xcassets in Resources */,
				7F002F21293025FB0073C2A4 /* Main.storyboard in Resources */,
			);
			runOnlyForDeploymentPostprocessing = 0;
		};
/* End PBXResourcesBuildPhase section */

/* Begin PBXShellScriptBuildPhase section */
		3DAA3DFFDD5307E97B9AE294 /* [CP] Check Pods Manifest.lock */ = {
			isa = PBXShellScriptBuildPhase;
			buildActionMask = 2147483647;
			files = (
			);
			inputFileListPaths = (
			);
			inputPaths = (
				"${PODS_PODFILE_DIR_PATH}/Podfile.lock",
				"${PODS_ROOT}/Manifest.lock",
			);
			name = "[CP] Check Pods Manifest.lock";
			outputFileListPaths = (
			);
			outputPaths = (
				"$(DERIVED_FILE_DIR)/Pods-SwiftCocoaPods-checkManifestLockResult.txt",
			);
			runOnlyForDeploymentPostprocessing = 0;
			shellPath = /bin/sh;
			shellScript = "diff \"${PODS_PODFILE_DIR_PATH}/Podfile.lock\" \"${PODS_ROOT}/Manifest.lock\" > /dev/null\nif [ $? != 0 ] ; then\n    # print error to STDERR\n    echo \"error: The sandbox is not in sync with the Podfile.lock. Run 'pod install' or update your CocoaPods installation.\" >&2\n    exit 1\nfi\n# This output is used by Xcode 'outputs' to avoid re-running this script phase.\necho \"SUCCESS\" > \"${SCRIPT_OUTPUT_FILE_0}\"\n";
			showEnvVarsInLog = 0;
		};
/* End PBXShellScriptBuildPhase section */

/* Begin PBXSourcesBuildPhase section */
		7F002F12293025FB0073C2A4 /* Sources */ = {
			isa = PBXSourcesBuildPhase;
			buildActionMask = 2147483647;
			files = (
				7F848C71293FE8C7001CB9A5 /* DeeplinkController.swift in Sources */,
				7FB9A6072935483A00A46B29 /* Utils.swift in Sources */,
				7F848C73293FE8D6001CB9A5 /* EventsController.swift in Sources */,
				7F848C77293FE8F7001CB9A5 /* SignInController.swift in Sources */,
				7F40D2B12941195400A69932 /* TabController.swift in Sources */,
				7F002F1A293025FB0073C2A4 /* AppDelegate.swift in Sources */,
				7F002F1C293025FB0073C2A4 /* SceneDelegate.swift in Sources */,
				7F848C75293FE8E8001CB9A5 /* RevenueController.swift in Sources */,
				7F848C79293FE903001CB9A5 /* ReferrerController.swift in Sources */,
				7FB9A6052935481900A46B29 /* Constants.swift in Sources */,
				7F848C6F293FE84D001CB9A5 /* PrivacyController.swift in Sources */,
			);
			runOnlyForDeploymentPostprocessing = 0;
		};
/* End PBXSourcesBuildPhase section */

/* Begin PBXVariantGroup section */
		7F002F1F293025FB0073C2A4 /* Main.storyboard */ = {
			isa = PBXVariantGroup;
			children = (
				7F002F20293025FB0073C2A4 /* Base */,
			);
			name = Main.storyboard;
			sourceTree = "<group>";
		};
		7F002F24293025FD0073C2A4 /* LaunchScreen.storyboard */ = {
			isa = PBXVariantGroup;
			children = (
				7F002F25293025FD0073C2A4 /* Base */,
			);
			name = LaunchScreen.storyboard;
			sourceTree = "<group>";
		};
/* End PBXVariantGroup section */

/* Begin XCBuildConfiguration section */
		7F002F28293025FD0073C2A4 /* Debug */ = {
			isa = XCBuildConfiguration;
			buildSettings = {
				ALWAYS_SEARCH_USER_PATHS = NO;
				CLANG_ANALYZER_NONNULL = YES;
				CLANG_ANALYZER_NUMBER_OBJECT_CONVERSION = YES_AGGRESSIVE;
				CLANG_CXX_LANGUAGE_STANDARD = "gnu++20";
				CLANG_ENABLE_MODULES = YES;
				CLANG_ENABLE_OBJC_ARC = YES;
				CLANG_ENABLE_OBJC_WEAK = YES;
				CLANG_WARN_BLOCK_CAPTURE_AUTORELEASING = YES;
				CLANG_WARN_BOOL_CONVERSION = YES;
				CLANG_WARN_COMMA = YES;
				CLANG_WARN_CONSTANT_CONVERSION = YES;
				CLANG_WARN_DEPRECATED_OBJC_IMPLEMENTATIONS = YES;
				CLANG_WARN_DIRECT_OBJC_ISA_USAGE = YES_ERROR;
				CLANG_WARN_DOCUMENTATION_COMMENTS = YES;
				CLANG_WARN_EMPTY_BODY = YES;
				CLANG_WARN_ENUM_CONVERSION = YES;
				CLANG_WARN_INFINITE_RECURSION = YES;
				CLANG_WARN_INT_CONVERSION = YES;
				CLANG_WARN_NON_LITERAL_NULL_CONVERSION = YES;
				CLANG_WARN_OBJC_IMPLICIT_RETAIN_SELF = YES;
				CLANG_WARN_OBJC_LITERAL_CONVERSION = YES;
				CLANG_WARN_OBJC_ROOT_CLASS = YES_ERROR;
				CLANG_WARN_QUOTED_INCLUDE_IN_FRAMEWORK_HEADER = YES;
				CLANG_WARN_RANGE_LOOP_ANALYSIS = YES;
				CLANG_WARN_STRICT_PROTOTYPES = YES;
				CLANG_WARN_SUSPICIOUS_MOVE = YES;
				CLANG_WARN_UNGUARDED_AVAILABILITY = YES_AGGRESSIVE;
				CLANG_WARN_UNREACHABLE_CODE = YES;
				CLANG_WARN__DUPLICATE_METHOD_MATCH = YES;
				COPY_PHASE_STRIP = NO;
				DEBUG_INFORMATION_FORMAT = dwarf;
				ENABLE_STRICT_OBJC_MSGSEND = YES;
				ENABLE_TESTABILITY = YES;
				GCC_C_LANGUAGE_STANDARD = gnu11;
				GCC_DYNAMIC_NO_PIC = NO;
				GCC_NO_COMMON_BLOCKS = YES;
				GCC_OPTIMIZATION_LEVEL = 0;
				GCC_PREPROCESSOR_DEFINITIONS = (
					"DEBUG=1",
					"$(inherited)",
				);
				GCC_WARN_64_TO_32_BIT_CONVERSION = YES;
				GCC_WARN_ABOUT_RETURN_TYPE = YES_ERROR;
				GCC_WARN_UNDECLARED_SELECTOR = YES;
				GCC_WARN_UNINITIALIZED_AUTOS = YES_AGGRESSIVE;
				GCC_WARN_UNUSED_FUNCTION = YES;
				GCC_WARN_UNUSED_VARIABLE = YES;
				IPHONEOS_DEPLOYMENT_TARGET = 16.1;
				MTL_ENABLE_DEBUG_INFO = INCLUDE_SOURCE;
				MTL_FAST_MATH = YES;
				ONLY_ACTIVE_ARCH = YES;
				SDKROOT = iphoneos;
				SWIFT_ACTIVE_COMPILATION_CONDITIONS = DEBUG;
				SWIFT_OPTIMIZATION_LEVEL = "-Onone";
			};
			name = Debug;
		};
		7F002F29293025FD0073C2A4 /* Release */ = {
			isa = XCBuildConfiguration;
			buildSettings = {
				ALWAYS_SEARCH_USER_PATHS = NO;
				CLANG_ANALYZER_NONNULL = YES;
				CLANG_ANALYZER_NUMBER_OBJECT_CONVERSION = YES_AGGRESSIVE;
				CLANG_CXX_LANGUAGE_STANDARD = "gnu++20";
				CLANG_ENABLE_MODULES = YES;
				CLANG_ENABLE_OBJC_ARC = YES;
				CLANG_ENABLE_OBJC_WEAK = YES;
				CLANG_WARN_BLOCK_CAPTURE_AUTORELEASING = YES;
				CLANG_WARN_BOOL_CONVERSION = YES;
				CLANG_WARN_COMMA = YES;
				CLANG_WARN_CONSTANT_CONVERSION = YES;
				CLANG_WARN_DEPRECATED_OBJC_IMPLEMENTATIONS = YES;
				CLANG_WARN_DIRECT_OBJC_ISA_USAGE = YES_ERROR;
				CLANG_WARN_DOCUMENTATION_COMMENTS = YES;
				CLANG_WARN_EMPTY_BODY = YES;
				CLANG_WARN_ENUM_CONVERSION = YES;
				CLANG_WARN_INFINITE_RECURSION = YES;
				CLANG_WARN_INT_CONVERSION = YES;
				CLANG_WARN_NON_LITERAL_NULL_CONVERSION = YES;
				CLANG_WARN_OBJC_IMPLICIT_RETAIN_SELF = YES;
				CLANG_WARN_OBJC_LITERAL_CONVERSION = YES;
				CLANG_WARN_OBJC_ROOT_CLASS = YES_ERROR;
				CLANG_WARN_QUOTED_INCLUDE_IN_FRAMEWORK_HEADER = YES;
				CLANG_WARN_RANGE_LOOP_ANALYSIS = YES;
				CLANG_WARN_STRICT_PROTOTYPES = YES;
				CLANG_WARN_SUSPICIOUS_MOVE = YES;
				CLANG_WARN_UNGUARDED_AVAILABILITY = YES_AGGRESSIVE;
				CLANG_WARN_UNREACHABLE_CODE = YES;
				CLANG_WARN__DUPLICATE_METHOD_MATCH = YES;
				COPY_PHASE_STRIP = NO;
				DEBUG_INFORMATION_FORMAT = "dwarf-with-dsym";
				ENABLE_NS_ASSERTIONS = NO;
				ENABLE_STRICT_OBJC_MSGSEND = YES;
				GCC_C_LANGUAGE_STANDARD = gnu11;
				GCC_NO_COMMON_BLOCKS = YES;
				GCC_WARN_64_TO_32_BIT_CONVERSION = YES;
				GCC_WARN_ABOUT_RETURN_TYPE = YES_ERROR;
				GCC_WARN_UNDECLARED_SELECTOR = YES;
				GCC_WARN_UNINITIALIZED_AUTOS = YES_AGGRESSIVE;
				GCC_WARN_UNUSED_FUNCTION = YES;
				GCC_WARN_UNUSED_VARIABLE = YES;
				IPHONEOS_DEPLOYMENT_TARGET = 16.1;
				MTL_ENABLE_DEBUG_INFO = NO;
				MTL_FAST_MATH = YES;
				SDKROOT = iphoneos;
				SWIFT_COMPILATION_MODE = wholemodule;
				SWIFT_OPTIMIZATION_LEVEL = "-O";
				VALIDATE_PRODUCT = YES;
			};
			name = Release;
		};
		7F002F2B293025FD0073C2A4 /* Debug */ = {
			isa = XCBuildConfiguration;
			baseConfigurationReference = 326F131F16874DD51A9732DA /* Pods-SwiftCocoaPods.debug.xcconfig */;
			buildSettings = {
				ASSETCATALOG_COMPILER_APPICON_NAME = AppIcon;
				ASSETCATALOG_COMPILER_GLOBAL_ACCENT_COLOR_NAME = AccentColor;
				CODE_SIGN_ENTITLEMENTS = SwiftCocoaPods/SwiftCocoaPods.entitlements;
				CODE_SIGN_STYLE = Automatic;
				CURRENT_PROJECT_VERSION = 1;
				DEVELOPMENT_TEAM = UL6RU95W7J;
				EXCLUDED_ARCHS = "";
				FRAMEWORK_SEARCH_PATHS = (
					"$(inherited)",
					"\"${PODS_ROOT}/Singular-SDK\"",
					"\"${PODS_XCFRAMEWORKS_BUILD_DIR}/Singular-SDK/Main\"",
				);
				GENERATE_INFOPLIST_FILE = YES;
				HEADER_SEARCH_PATHS = "";
				INFOPLIST_FILE = SwiftCocoaPods/Info.plist;
				INFOPLIST_KEY_CFBundleDisplayName = "Singular SCP";
				INFOPLIST_KEY_LSApplicationCategoryType = "public.app-category.utilities";
				INFOPLIST_KEY_NSUserTrackingUsageDescription = Testing;
				INFOPLIST_KEY_UIApplicationSupportsIndirectInputEvents = YES;
				INFOPLIST_KEY_UILaunchStoryboardName = LaunchScreen;
				INFOPLIST_KEY_UIMainStoryboardFile = Main;
				INFOPLIST_KEY_UISupportedInterfaceOrientations_iPad = "UIInterfaceOrientationPortrait UIInterfaceOrientationPortraitUpsideDown UIInterfaceOrientationLandscapeLeft UIInterfaceOrientationLandscapeRight";
				INFOPLIST_KEY_UISupportedInterfaceOrientations_iPhone = "UIInterfaceOrientationPortrait UIInterfaceOrientationLandscapeLeft UIInterfaceOrientationLandscapeRight";
				LD_RUNPATH_SEARCH_PATHS = (
					"$(inherited)",
					"@executable_path/Frameworks",
				);
				LIBRARY_SEARCH_PATHS = "";
				MARKETING_VERSION = 1.0;
				PRODUCT_BUNDLE_IDENTIFIER = jaredornstead.SwiftCocoaPods;
				PRODUCT_NAME = "$(TARGET_NAME)";
				SWIFT_EMIT_LOC_STRINGS = YES;
				SWIFT_OBJC_BRIDGING_HEADER = "SwiftCocoaPods/SwiftCocoaPods-Bridging-Header.h";
				SWIFT_VERSION = 5.0;
				TARGETED_DEVICE_FAMILY = "1,2";
			};
			name = Debug;
		};
		7F002F2C293025FD0073C2A4 /* Release */ = {
			isa = XCBuildConfiguration;
			baseConfigurationReference = 02AA56D11B8FD24EFA1736CC /* Pods-SwiftCocoaPods.release.xcconfig */;
			buildSettings = {
				ASSETCATALOG_COMPILER_APPICON_NAME = AppIcon;
				ASSETCATALOG_COMPILER_GLOBAL_ACCENT_COLOR_NAME = AccentColor;
				CODE_SIGN_ENTITLEMENTS = SwiftCocoaPods/SwiftCocoaPods.entitlements;
				CODE_SIGN_STYLE = Automatic;
				CURRENT_PROJECT_VERSION = 1;
				DEVELOPMENT_TEAM = UL6RU95W7J;
				EXCLUDED_ARCHS = "";
				FRAMEWORK_SEARCH_PATHS = (
					"$(inherited)",
					"\"${PODS_ROOT}/Singular-SDK\"",
					"\"${PODS_XCFRAMEWORKS_BUILD_DIR}/Singular-SDK/Main\"",
				);
				GENERATE_INFOPLIST_FILE = YES;
				HEADER_SEARCH_PATHS = "";
				INFOPLIST_FILE = SwiftCocoaPods/Info.plist;
				INFOPLIST_KEY_CFBundleDisplayName = "Singular SCP";
				INFOPLIST_KEY_LSApplicationCategoryType = "public.app-category.utilities";
				INFOPLIST_KEY_NSUserTrackingUsageDescription = Testing;
				INFOPLIST_KEY_UIApplicationSupportsIndirectInputEvents = YES;
				INFOPLIST_KEY_UILaunchStoryboardName = LaunchScreen;
				INFOPLIST_KEY_UIMainStoryboardFile = Main;
				INFOPLIST_KEY_UISupportedInterfaceOrientations_iPad = "UIInterfaceOrientationPortrait UIInterfaceOrientationPortraitUpsideDown UIInterfaceOrientationLandscapeLeft UIInterfaceOrientationLandscapeRight";
				INFOPLIST_KEY_UISupportedInterfaceOrientations_iPhone = "UIInterfaceOrientationPortrait UIInterfaceOrientationLandscapeLeft UIInterfaceOrientationLandscapeRight";
				LD_RUNPATH_SEARCH_PATHS = (
					"$(inherited)",
					"@executable_path/Frameworks",
				);
				LIBRARY_SEARCH_PATHS = "";
				MARKETING_VERSION = 1.0;
				PRODUCT_BUNDLE_IDENTIFIER = jaredornstead.SwiftCocoaPods;
				PRODUCT_NAME = "$(TARGET_NAME)";
				SWIFT_EMIT_LOC_STRINGS = YES;
				SWIFT_OBJC_BRIDGING_HEADER = "SwiftCocoaPods/SwiftCocoaPods-Bridging-Header.h";
				SWIFT_VERSION = 5.0;
				TARGETED_DEVICE_FAMILY = "1,2";
			};
			name = Release;
		};
/* End XCBuildConfiguration section */

/* Begin XCConfigurationList section */
		7F002F11293025FB0073C2A4 /* Build configuration list for PBXProject "SwiftCocoaPods" */ = {
			isa = XCConfigurationList;
			buildConfigurations = (
				7F002F28293025FD0073C2A4 /* Debug */,
				7F002F29293025FD0073C2A4 /* Release */,
			);
			defaultConfigurationIsVisible = 0;
			defaultConfigurationName = Release;
		};
		7F002F2A293025FD0073C2A4 /* Build configuration list for PBXNativeTarget "SwiftCocoaPods" */ = {
			isa = XCConfigurationList;
			buildConfigurations = (
				7F002F2B293025FD0073C2A4 /* Debug */,
				7F002F2C293025FD0073C2A4 /* Release */,
			);
			defaultConfigurationIsVisible = 0;
			defaultConfigurationName = Release;
		};
/* End XCConfigurationList section */
	};
	rootObject = 7F002F0E293025FB0073C2A4 /* Project object */;
}
